
Microsoft Visual Studio Solution File, Format Version 12.00
# Visual Studio Version 17
VisualStudioVersion = 17.5.002.0
MinimumVisualStudioVersion = 10.0.40219.1
Project("{2150E333-8FDC-42A3-9474-1A3956D46DE8}") = "src", "src", "{40ED5C2C-D7B8-4A24-B53D-5AF2DBD000AD}"
EndProject
Project("{9A19103F-16F7-4668-BE54-9A1E7A4F7556}") = "playground", "src\playgrounds\playground.csproj", "{DB6EDEFB-0EC5-473B-95E3-A47E1CEBBCE6}"
EndProject
Global
	GlobalSection(SolutionConfigurationPlatforms) = preSolution
		Debug|Any CPU = Debug|Any CPU
		Release|Any CPU = Release|Any CPU
	EndGlobalSection
	GlobalSection(ProjectConfigurationPlatforms) = postSolution
		{DB6EDEFB-0EC5-473B-95E3-A47E1CEBBCE6}.Debug|Any CPU.ActiveCfg = Debug|Any CPU
		{DB6EDEFB-0EC5-473B-95E3-A47E1CEBBCE6}.Debug|Any CPU.Build.0 = Debug|Any CPU
		{DB6EDEFB-0EC5-473B-95E3-A47E1CEBBCE6}.Release|Any CPU.ActiveCfg = Release|Any CPU
		{DB6EDEFB-0EC5-473B-95E3-A47E1CEBBCE6}.Release|Any CPU.Build.0 = Release|Any CPU
	EndGlobalSection
	GlobalSection(SolutionProperties) = preSolution
		HideSolutionNode = FALSE
	EndGlobalSection
	GlobalSection(NestedProjects) = preSolution
		{DB6EDEFB-0EC5-473B-95E3-A47E1CEBBCE6} = {40ED5C2C-D7B8-4A24-B53D-5AF2DBD000AD}
	EndGlobalSection
	GlobalSection(ExtensibilityGlobals) = postSolution
		SolutionGuid = {A8EB5B47-2BA8-4CDD-8FF5-AD4535AC9522}
	EndGlobalSection
EndGlobal
