
Microsoft Visual Studio Solution File, Format Version 12.00
# Visual Studio Version 17
VisualStudioVersion = 17.5.002.0
MinimumVisualStudioVersion = 10.0.40219.1
Project("{2150E333-8FDC-42A3-9474-1A3956D46DE8}") = "src", "src", "{57622C52-7E29-49BF-BE64-F475542358E3}"
EndProject
Project("{9A19103F-16F7-4668-BE54-9A1E7A4F7556}") = "playground", "src\playgrounds\playground.csproj", "{024F0FC2-E847-40DD-B80E-1C172707AB6F}"
EndProject
Global
	GlobalSection(SolutionConfigurationPlatforms) = preSolution
		Debug|Any CPU = Debug|Any CPU
		Release|Any CPU = Release|Any CPU
	EndGlobalSection
	GlobalSection(ProjectConfigurationPlatforms) = postSolution
		{024F0FC2-E847-40DD-B80E-1C172707AB6F}.Debug|Any CPU.ActiveCfg = Debug|Any CPU
		{024F0FC2-E847-40DD-B80E-1C172707AB6F}.Debug|Any CPU.Build.0 = Debug|Any CPU
		{024F0FC2-E847-40DD-B80E-1C172707AB6F}.Release|Any CPU.ActiveCfg = Release|Any CPU
		{024F0FC2-E847-40DD-B80E-1C172707AB6F}.Release|Any CPU.Build.0 = Release|Any CPU
	EndGlobalSection
	GlobalSection(SolutionProperties) = preSolution
		HideSolutionNode = FALSE
	EndGlobalSection
	GlobalSection(NestedProjects) = preSolution
		{024F0FC2-E847-40DD-B80E-1C172707AB6F} = {57622C52-7E29-49BF-BE64-F475542358E3}
	EndGlobalSection
	GlobalSection(ExtensibilityGlobals) = postSolution
		SolutionGuid = {80C25086-9C0C-4CEB-ABBD-B95E702876BC}
	EndGlobalSection
EndGlobal
