
Microsoft Visual Studio Solution File, Format Version 12.00
# Visual Studio Version 17
VisualStudioVersion = 17.5.002.0
MinimumVisualStudioVersion = 10.0.40219.1
Project("{2150E333-8FDC-42A3-9474-1A3956D46DE8}") = "src", "src", "{D3588AC5-CB0B-4C96-A4AF-2DBA674DFE0C}"
EndProject
Project("{9A19103F-16F7-4668-BE54-9A1E7A4F7556}") = "playground", "src\playgrounds\playground.csproj", "{97F1A0E5-392E-4626-8927-9A2AFC107628}"
EndProject
Global
	GlobalSection(SolutionConfigurationPlatforms) = preSolution
		Debug|Any CPU = Debug|Any CPU
		Release|Any CPU = Release|Any CPU
	EndGlobalSection
	GlobalSection(ProjectConfigurationPlatforms) = postSolution
		{97F1A0E5-392E-4626-8927-9A2AFC107628}.Debug|Any CPU.ActiveCfg = Debug|Any CPU
		{97F1A0E5-392E-4626-8927-9A2AFC107628}.Debug|Any CPU.Build.0 = Debug|Any CPU
		{97F1A0E5-392E-4626-8927-9A2AFC107628}.Release|Any CPU.ActiveCfg = Release|Any CPU
		{97F1A0E5-392E-4626-8927-9A2AFC107628}.Release|Any CPU.Build.0 = Release|Any CPU
	EndGlobalSection
	GlobalSection(SolutionProperties) = preSolution
		HideSolutionNode = FALSE
	EndGlobalSection
	GlobalSection(NestedProjects) = preSolution
		{97F1A0E5-392E-4626-8927-9A2AFC107628} = {D3588AC5-CB0B-4C96-A4AF-2DBA674DFE0C}
	EndGlobalSection
	GlobalSection(ExtensibilityGlobals) = postSolution
		SolutionGuid = {AA68774B-F275-4F1E-A81D-77B00ED58803}
	EndGlobalSection
EndGlobal
